
Microsoft Visual Studio Solution File, Format Version 12.00
# Visual Studio 14
VisualStudioVersion = 14.0.24720.0
MinimumVisualStudioVersion = 10.0.40219.1
Project("{FAE04EC0-301F-11D3-BF4B-00C04F79EFBC}") = "CSharpZorkMachine", "CSharpZorkMachine\CSharpZorkMachine.csproj", "{DBE56F15-6982-46CE-927A-16B8FD6A00E6}"
EndProject
Project("{FAE04EC0-301F-11D3-BF4B-00C04F79EFBC}") = "CSharpZorkMachine.Tests", "CSharpZorkMachine.Tests\CSharpZorkMachine.Tests.csproj", "{C7C1B1CC-507B-4481-989E-714E48FC70C8}"
EndProject
Global
	GlobalSection(SolutionConfigurationPlatforms) = preSolution
		Debug|Any CPU = Debug|Any CPU
		Release|Any CPU = Release|Any CPU
	EndGlobalSection
	GlobalSection(ProjectConfigurationPlatforms) = postSolution
		{DBE56F15-6982-46CE-927A-16B8FD6A00E6}.Debug|Any CPU.ActiveCfg = Debug|Any CPU
		{DBE56F15-6982-46CE-927A-16B8FD6A00E6}.Debug|Any CPU.Build.0 = Debug|Any CPU
		{DBE56F15-6982-46CE-927A-16B8FD6A00E6}.Release|Any CPU.ActiveCfg = Release|Any CPU
		{DBE56F15-6982-46CE-927A-16B8FD6A00E6}.Release|Any CPU.Build.0 = Release|Any CPU
		{C7C1B1CC-507B-4481-989E-714E48FC70C8}.Debug|Any CPU.ActiveCfg = Debug|Any CPU
		{C7C1B1CC-507B-4481-989E-714E48FC70C8}.Debug|Any CPU.Build.0 = Debug|Any CPU
		{C7C1B1CC-507B-4481-989E-714E48FC70C8}.Release|Any CPU.ActiveCfg = Release|Any CPU
		{C7C1B1CC-507B-4481-989E-714E48FC70C8}.Release|Any CPU.Build.0 = Release|Any CPU
	EndGlobalSection
	GlobalSection(SolutionProperties) = preSolution
		HideSolutionNode = FALSE
	EndGlobalSection
EndGlobal
